
Microsoft Visual Studio Solution File, Format Version 12.00
# Visual Studio 2012
Project("{FAE04EC0-301F-11D3-BF4B-00C04F79EFBC}") = "tema-1", "tema-1\tema-1.csproj", "{DEDBF1D5-502B-4002-8E65-08C5169E8E9D}"
EndProject
Global
	GlobalSection(SolutionConfigurationPlatforms) = preSolution
		Debug|Any CPU = Debug|Any CPU
		Release|Any CPU = Release|Any CPU
	EndGlobalSection
	GlobalSection(ProjectConfigurationPlatforms) = postSolution
		{DEDBF1D5-502B-4002-8E65-08C5169E8E9D}.Debug|Any CPU.ActiveCfg = Debug|Any CPU
		{DEDBF1D5-502B-4002-8E65-08C5169E8E9D}.Debug|Any CPU.Build.0 = Debug|Any CPU
		{DEDBF1D5-502B-4002-8E65-08C5169E8E9D}.Release|Any CPU.ActiveCfg = Release|Any CPU
		{DEDBF1D5-502B-4002-8E65-08C5169E8E9D}.Release|Any CPU.Build.0 = Release|Any CPU
	EndGlobalSection
	GlobalSection(SolutionProperties) = preSolution
		HideSolutionNode = FALSE
	EndGlobalSection
EndGlobal
